
Microsoft Visual Studio Solution File, Format Version 12.00
# Visual Studio Version 16
VisualStudioVersion = 16.0.30523.141
MinimumVisualStudioVersion = 10.0.40219.1
Project("{8BC9CEB8-8B4A-11D0-8D11-00A0C91BC942}") = "ComputerGraphicEngine", "ComputerGraphicEngine\ComputerGraphicEngine.vcxproj", "{37D49B01-ED91-44FA-8BDF-397CEF8F0083}"
EndProject
Global
	GlobalSection(SolutionConfigurationPlatforms) = preSolution
		Debug|x64 = Debug|x64
		Debug|x86 = Debug|x86
		Release|x64 = Release|x64
		Release|x86 = Release|x86
	EndGlobalSection
	GlobalSection(ProjectConfigurationPlatforms) = postSolution
		{37D49B01-ED91-44FA-8BDF-397CEF8F0083}.Debug|x64.ActiveCfg = Debug|x64
		{37D49B01-ED91-44FA-8BDF-397CEF8F0083}.Debug|x64.Build.0 = Debug|x64
		{37D49B01-ED91-44FA-8BDF-397CEF8F0083}.Debug|x86.ActiveCfg = Debug|Win32
		{37D49B01-ED91-44FA-8BDF-397CEF8F0083}.Debug|x86.Build.0 = Debug|Win32
		{37D49B01-ED91-44FA-8BDF-397CEF8F0083}.Release|x64.ActiveCfg = Release|x64
		{37D49B01-ED91-44FA-8BDF-397CEF8F0083}.Release|x64.Build.0 = Release|x64
		{37D49B01-ED91-44FA-8BDF-397CEF8F0083}.Release|x86.ActiveCfg = Release|Win32
		{37D49B01-ED91-44FA-8BDF-397CEF8F0083}.Release|x86.Build.0 = Release|Win32
	EndGlobalSection
	GlobalSection(SolutionProperties) = preSolution
		HideSolutionNode = FALSE
	EndGlobalSection
	GlobalSection(ExtensibilityGlobals) = postSolution
		SolutionGuid = {29E82265-34D6-4277-BE31-FEAEB70E3ED2}
	EndGlobalSection
EndGlobal
